version = 1
revision = 3
requires-python = ">=3.13"

[[package]]
name = "click"
version = "8.2.1"
source = { registry = "https://pypi.org/simple" }
dependencies = [
    { name = "colorama", marker = "sys_platform == 'win32'" },
]
sdist = { url = "https://files.pythonhosted.org/packages/60/6c/8ca2efa64cf75a977a0d7fac081354553ebe483345c734fb6b6515d96bbc/click-8.2.1.tar.gz", hash = "sha256:27c491cc05d968d271d5a1db13e3b5a184636d9d930f148c50b038f0d0646202", size = 286342, upload-time = "2025-05-20T23:19:49.832Z" }
wheels = [
    { url = "https://files.pythonhosted.org/packages/85/32/10bb5764d90a8eee674e9dc6f4db6a0ab47c8c4d0d83c27f7c39ac415a4d/click-8.2.1-py3-none-any.whl", hash = "sha256:61a3265b914e850b85317d0b3109c7f8cd35a670f963866005d6ef1d5175a12b", size = 102215, upload-time = "2025-05-20T23:19:47.796Z" },
]

[[package]]
name = "colorama"
version = "0.4.6"
source = { registry = "https://pypi.org/simple" }
sdist = { url = "https://files.pythonhosted.org/packages/d8/53/6f443c9a4a8358a93a6792e2acffb9d9d5cb0a5cfd8802644b7b1c9a02e4/colorama-0.4.6.tar.gz", hash = "sha256:08695f5cb7ed6e0531a20572697297273c47b8cae5a63ffc6d6ed5c201be6e44", size = 27697, upload-time = "2022-10-25T02:36:22.414Z" }
wheels = [
    { url = "https://files.pythonhosted.org/packages/d1/d6/3965ed04c63042e047cb6a3e6ed1a63a35087b6a609aa3a15ed8ac56c221/colorama-0.4.6-py2.py3-none-any.whl", hash = "sha256:4f1d9991f5acc0ca119f9d443620b77f9d6b33703e51011c16baf57afb285fc6", size = 25335, upload-time = "2022-10-25T02:36:20.889Z" },
]

[[package]]
name = "ftfy"
version = "6.3.1"
source = { registry = "https://pypi.org/simple" }
dependencies = [
    { name = "wcwidth" },
]
sdist = { url = "https://files.pythonhosted.org/packages/a5/d3/8650919bc3c7c6e90ee3fa7fd618bf373cbbe55dff043bd67353dbb20cd8/ftfy-6.3.1.tar.gz", hash = "sha256:9b3c3d90f84fb267fe64d375a07b7f8912d817cf86009ae134aa03e1819506ec", size = 308927, upload-time = "2024-10-26T00:50:35.149Z" }
wheels = [
    { url = "https://files.pythonhosted.org/packages/ab/6e/81d47999aebc1b155f81eca4477a616a70f238a2549848c38983f3c22a82/ftfy-6.3.1-py3-none-any.whl", hash = "sha256:7c70eb532015cd2f9adb53f101fb6c7945988d023a085d127d1573dc49dd0083", size = 44821, upload-time = "2024-10-26T00:50:33.425Z" },
]

[[package]]
name = "langcodes"
version = "3.5.0"
source = { registry = "https://pypi.org/simple" }
dependencies = [
    { name = "language-data" },
]
sdist = { url = "https://files.pythonhosted.org/packages/3a/7a/5a97e327063409a5caa21541e6d08ae4a0f2da328447e9f2c7b39e179226/langcodes-3.5.0.tar.gz", hash = "sha256:1eef8168d07e51e131a2497ffecad4b663f6208e7c3ae3b8dc15c51734a6f801", size = 191030, upload-time = "2024-11-19T10:23:45.546Z" }
wheels = [
    { url = "https://files.pythonhosted.org/packages/c3/6b/068c2ea7a712bf805c62445bd9e9c06d7340358ef2824150eceac027444b/langcodes-3.5.0-py3-none-any.whl", hash = "sha256:853c69d1a35e0e13da2f427bb68fb2fa4a8f4fb899e0c62ad8df8d073dcfed33", size = 182974, upload-time = "2024-11-19T10:23:42.824Z" },
]

[[package]]
name = "language-data"
version = "1.3.0"
source = { registry = "https://pypi.org/simple" }
dependencies = [
    { name = "marisa-trie" },
]
sdist = { url = "https://files.pythonhosted.org/packages/dd/ce/3f144716a9f2cbf42aa86ebc8b085a184be25c80aa453eea17c294d239c1/language_data-1.3.0.tar.gz", hash = "sha256:7600ef8aa39555145d06c89f0c324bf7dab834ea0b0a439d8243762e3ebad7ec", size = 5129310, upload-time = "2024-11-19T10:21:37.912Z" }
wheels = [
    { url = "https://files.pythonhosted.org/packages/5d/e9/5a5ffd9b286db82be70d677d0a91e4d58f7912bb8dd026ddeeb4abe70679/language_data-1.3.0-py3-none-any.whl", hash = "sha256:e2ee943551b5ae5f89cd0e801d1fc3835bb0ef5b7e9c3a4e8e17b2b214548fbf", size = 5385760, upload-time = "2024-11-19T10:21:36.005Z" },
]

[[package]]
name = "locate"
version = "1.1.1"
source = { registry = "https://pypi.org/simple" }
sdist = { url = "https://files.pythonhosted.org/packages/26/b0/6b303d4a2a20046dc396de914a6c1840253ff874630f00864ffe623acb68/locate-1.1.1.tar.gz", hash = "sha256:432750f5b7e89f8c99942ca7d8722ccd1e7954b20e6a973027fccb6cc00af857", size = 7831, upload-time = "2022-12-15T07:01:30.602Z" }
wheels = [
    { url = "https://files.pythonhosted.org/packages/ab/0d/9b6f11382b2f9080b5a366d20e90b4c08e547b6cd08c2a206729e6bad47a/locate-1.1.1-py3-none-any.whl", hash = "sha256:9e5e2f3516639240f4d975c08e95ae6a24ff4dd63d228f927541cdec30105755", size = 5364, upload-time = "2022-12-15T07:01:29.526Z" },
]

[[package]]
name = "marisa-trie"
version = "1.3.1"
source = { registry = "https://pypi.org/simple" }
sdist = { url = "https://files.pythonhosted.org/packages/c5/e3/c9066e74076b90f9701ccd23d6a0b8c1d583feefdec576dc3e1bb093c50d/marisa_trie-1.3.1.tar.gz", hash = "sha256:97107fd12f30e4f8fea97790343a2d2d9a79d93697fe14e1b6f6363c984ff85b", size = 212454, upload-time = "2025-08-26T15:13:18.401Z" }
wheels = [
    { url = "https://files.pythonhosted.org/packages/46/a2/8331b995c1b3eee83aa745f4a6502d737ec523d5955a48f167d4177db105/marisa_trie-1.3.1-cp313-cp313-macosx_10_13_x86_64.whl", hash = "sha256:9de573d933db4753a50af891bcb3ffbfe14e200406214c223aa5dfe2163f316d", size = 172272, upload-time = "2025-08-26T15:12:24.016Z" },
    { url = "https://files.pythonhosted.org/packages/97/b8/7b9681b5c0ea1bb950f907a4e3919eb7f7b7b3febafaae346f3b3f199f6f/marisa_trie-1.3.1-cp313-cp313-macosx_11_0_arm64.whl", hash = "sha256:f4bae4f920f2a1082eaf766c1883df7da84abdf333bafa15b8717c10416a615e", size = 154671, upload-time = "2025-08-26T15:12:25.013Z" },
    { url = "https://files.pythonhosted.org/packages/ca/16/929c1f83fdcff13f8d08500f434aaa18c21c8168d16cf81585d69085e980/marisa_trie-1.3.1-cp313-cp313-manylinux_2_24_aarch64.manylinux_2_28_aarch64.whl", hash = "sha256:bf9f2b97fcfd5e2dbb0090d0664023872dcde990df0b545eca8d0ce95795a409", size = 1238754, upload-time = "2025-08-26T15:12:26.217Z" },
    { url = "https://files.pythonhosted.org/packages/0f/0a/b0e04d3ef91a87d4c7ea0b66c004fdfc6e65c9ed83edaebecfb482dfe0ed/marisa_trie-1.3.1-cp313-cp313-manylinux_2_24_x86_64.manylinux_2_28_x86_64.whl", hash = "sha256:ecdb19d33b26738a32602ef432b06cc6deeca4b498ce67ba8e5e39c8a7c19745", size = 1262653, upload-time = "2025-08-26T15:12:27.422Z" },
    { url = "https://files.pythonhosted.org/packages/de/1f/0ecf610ddc9a209ee63116baabb47584d5b8ecd01610091a593d9429537e/marisa_trie-1.3.1-cp313-cp313-musllinux_1_2_aarch64.whl", hash = "sha256:a7416f1a084eb889c5792c57317875aeaa86abfe0bdc6f167712cebcec1d36ee", size = 2172399, upload-time = "2025-08-26T15:12:28.926Z" },
    { url = "https://files.pythonhosted.org/packages/ac/74/6b47deff3b3920449c135b9187c80f0d656adcdc5d41463745a61b012ea1/marisa_trie-1.3.1-cp313-cp313-musllinux_1_2_x86_64.whl", hash = "sha256:ee428575377e29c636f2b4b3b0488875dcea310c6c5b3412ec4ef997f7bb37cc", size = 2255138, upload-time = "2025-08-26T15:12:30.271Z" },
    { url = "https://files.pythonhosted.org/packages/bd/fa/3dbcbe93dfaa626a5b3e741e7bcf3d7389aa5777175213bd8d9a9d3c992d/marisa_trie-1.3.1-cp313-cp313-win32.whl", hash = "sha256:d0f87bdf660f01e88ab3a507955697b2e3284065afa0b94fc9e77d6ad153ed5e", size = 115391, upload-time = "2025-08-26T15:12:31.465Z" },
    { url = "https://files.pythonhosted.org/packages/3b/ce/ddfab303646b21aef07ff9dbc83fba92e5d493f49d3bc03d899ffd45c86f/marisa_trie-1.3.1-cp313-cp313-win_amd64.whl", hash = "sha256:a83f5f7ae3494e0cc25211296252b1b86901c788ed82c83adda19d0c98f828d6", size = 139130, upload-time = "2025-08-26T15:12:32.4Z" },
    { url = "https://files.pythonhosted.org/packages/5a/1e/734b618048ad05c50cb1673ce2c6e836dc38ddeeeb011ed1804af07327a4/marisa_trie-1.3.1-cp313-cp313t-macosx_10_13_x86_64.whl", hash = "sha256:a850b151bd1e3a5d9afef113adc22727d696603659d575d7e84f994bd8d04bf1", size = 175131, upload-time = "2025-08-26T15:12:33.728Z" },
    { url = "https://files.pythonhosted.org/packages/d3/78/c7051147cc918cb8ff4a2920e11a9b17d9dcb4d8fc122122694b486e2bfe/marisa_trie-1.3.1-cp313-cp313t-macosx_11_0_arm64.whl", hash = "sha256:9dc61fb8f8993589544f6df268229c6cf0a56ad4ed3e8585a9cd23c5ad79527b", size = 163094, upload-time = "2025-08-26T15:12:35.312Z" },
    { url = "https://files.pythonhosted.org/packages/ee/b8/3b904178d7878319aacaabae5131c1f281519aaac0f8c68c8ed312912ccf/marisa_trie-1.3.1-cp313-cp313t-manylinux_2_24_aarch64.manylinux_2_28_aarch64.whl", hash = "sha256:d4bd41a6e73c0d0adafe4de449b6d35530a4ce6a836a6ee839baf117785ecfd7", size = 1279812, upload-time = "2025-08-26T15:12:36.831Z" },
    { url = "https://files.pythonhosted.org/packages/fb/bf/e77a1284247b980560b4104bbdd5d06ed2c2ae3d56ab954f97293b6dbbcd/marisa_trie-1.3.1-cp313-cp313t-manylinux_2_24_x86_64.manylinux_2_28_x86_64.whl", hash = "sha256:8c8b2386d2d22c57880ed20a913ceca86363765623175671137484a7d223f07a", size = 1285690, upload-time = "2025-08-26T15:12:38.754Z" },
    { url = "https://files.pythonhosted.org/packages/48/82/f6f10db5ec72de2642499f3a6e4e8607bbd2cfb28269ea08d0d8ddac3313/marisa_trie-1.3.1-cp313-cp313t-musllinux_1_2_aarch64.whl", hash = "sha256:9c56001badaf1779afae5c24b7ab85938644ab8ef3c5fd438ab5d49621b84482", size = 2197943, upload-time = "2025-08-26T15:12:40.584Z" },
    { url = "https://files.pythonhosted.org/packages/2a/d0/74b6c3011b1ebf4a8131430156b14c3af694082cf34c392fff766096fd4b/marisa_trie-1.3.1-cp313-cp313t-musllinux_1_2_x86_64.whl", hash = "sha256:83a3748088d117a9b15d8981c947df9e4f56eb2e4b5456ae34fe1f83666c9185", size = 2280132, upload-time = "2025-08-26T15:12:42.059Z" },
    { url = "https://files.pythonhosted.org/packages/28/b2/b8b0cb738fa3ab07309ed92025c6e1b278f84c7255e976921a52b30d8d1b/marisa_trie-1.3.1-cp313-cp313t-win32.whl", hash = "sha256:137010598d8cebc53dbfb7caf59bde96c33a6af555e3e1bdbf30269b6a157e1e", size = 126446, upload-time = "2025-08-26T15:12:43.339Z" },
    { url = "https://files.pythonhosted.org/packages/b6/c6/2381648d0c946556ef51c673397cea40712d945444ceed0a0a0b51a174d2/marisa_trie-1.3.1-cp313-cp313t-win_amd64.whl", hash = "sha256:ec633e108f277f2b7f4671d933a909f39bba549910bf103e2940b87a14da2783", size = 153885, upload-time = "2025-08-26T15:12:44.309Z" },
    { url = "https://files.pythonhosted.org/packages/40/8a/590f25a281e08879791aabec7b8584c7934ff3d5f9d52859197d587246ec/marisa_trie-1.3.1-cp314-cp314-macosx_10_13_x86_64.whl", hash = "sha256:389721481c14a92fa042e4b91ae065bff13e2bc567c85a10aa9d9de80aaa8622", size = 172803, upload-time = "2025-08-26T15:12:45.342Z" },
    { url = "https://files.pythonhosted.org/packages/20/7f/fd19a4aa57ad169d08e518a6ee2438e7e77bfba7786c59f65891db69d202/marisa_trie-1.3.1-cp314-cp314-macosx_11_0_arm64.whl", hash = "sha256:0e6f3b45def6ff23e254eeaa9079267004f0069d0a34eba30a620780caa4f2cb", size = 155506, upload-time = "2025-08-26T15:12:46.701Z" },
    { url = "https://files.pythonhosted.org/packages/e3/05/857832b8fe6b2ec441de1154eadc66dee067ce5fb6673c3ee0b8616108ee/marisa_trie-1.3.1-cp314-cp314-manylinux_2_24_aarch64.manylinux_2_28_aarch64.whl", hash = "sha256:3a96ef3e461ecc85ec7d2233ddc449ff5a3fbdc520caea752bc5bc8faa975231", size = 1239979, upload-time = "2025-08-26T15:12:47.943Z" },
    { url = "https://files.pythonhosted.org/packages/4c/08/f9ea8b720a627d54e8e19f19a0ec1cc2011e01aa2b4f40d078e7f5e9e21f/marisa_trie-1.3.1-cp314-cp314-manylinux_2_24_x86_64.manylinux_2_28_x86_64.whl", hash = "sha256:5370f9ef6c008e502537cc1ff518c80ddf749367ce90179efa0e7f6275903a76", size = 1255705, upload-time = "2025-08-26T15:12:49.24Z" },
    { url = "https://files.pythonhosted.org/packages/e9/c3/42360fb38cdfde5db1783e2d7cfeb8b91eea837f89ef678f308ee026d794/marisa_trie-1.3.1-cp314-cp314-musllinux_1_2_aarch64.whl", hash = "sha256:0dcd42774e367ceb423c211a4fc8e7ce586acfaf0929c9c06d98002112075239", size = 2175092, upload-time = "2025-08-26T15:12:50.602Z" },
    { url = "https://files.pythonhosted.org/packages/09/ba/215b0d821fd37cdc600e834a75708aa2e117124dcf495c9a6c6dc7fdcb6b/marisa_trie-1.3.1-cp314-cp314-musllinux_1_2_x86_64.whl", hash = "sha256:3e2a0e1be95237981bd375a388f44b33d69ea5669a2f79fea038e45fff326595", size = 2250454, upload-time = "2025-08-26T15:12:52.435Z" },
    { url = "https://files.pythonhosted.org/packages/f5/a3/292ab31a12ec1cb356e6bc8b9cc8aaec920aa892a805757c011d77e8cd93/marisa_trie-1.3.1-cp314-cp314-win32.whl", hash = "sha256:c7a33506d0451112911c69f38d55da3e0e050f2be0ea4e5176865cf03baf26a9", size = 119101, upload-time = "2025-08-26T15:12:53.615Z" },
    { url = "https://files.pythonhosted.org/packages/95/83/0ea5de53209993cf301dd9d18d4cb22c20c84c753b4357b66660a8b9eb48/marisa_trie-1.3.1-cp314-cp314-win_amd64.whl", hash = "sha256:68678816818efcd4a1787b557af81f215b989ec88680a86c85c34c914d413690", size = 142886, upload-time = "2025-08-26T15:12:54.835Z" },
    { url = "https://files.pythonhosted.org/packages/37/00/c7e063867988067992a9d9d2aceaede0be7787ca6d77ef34f2eca9d2708e/marisa_trie-1.3.1-cp314-cp314t-macosx_10_13_x86_64.whl", hash = "sha256:9e467e13971c64db6aed8afe4c2a131c3f73f048bec3f788a6141216acda598d", size = 175163, upload-time = "2025-08-26T15:12:55.908Z" },
    { url = "https://files.pythonhosted.org/packages/5f/64/eaf49d10c8506ecd717bbbeda907e474842c298354a444b875741ef4a0d9/marisa_trie-1.3.1-cp314-cp314t-macosx_11_0_arm64.whl", hash = "sha256:076731f79f8603cb3216cb6e5bbbc56536c89f63f175ad47014219ecb01e5996", size = 163119, upload-time = "2025-08-26T15:12:58.054Z" },
    { url = "https://files.pythonhosted.org/packages/b4/26/f24dd9c98ce6fc8c8d554b556e1c43f326c5df414b79aba33bd7d2d2fbfd/marisa_trie-1.3.1-cp314-cp314t-manylinux_2_24_aarch64.manylinux_2_28_aarch64.whl", hash = "sha256:82de2de90488d0fbbf74cf9f20e1afd62e320693b88f5e9565fc80b28f5bbad3", size = 1277783, upload-time = "2025-08-26T15:12:59.225Z" },
    { url = "https://files.pythonhosted.org/packages/b2/1a/efd63e75d1374e08f8ebe2e15ff1b1ed5f6d5cf57614a5b0884bd9c882ee/marisa_trie-1.3.1-cp314-cp314t-manylinux_2_24_x86_64.manylinux_2_28_x86_64.whl", hash = "sha256:0c2bc6bee737f4d47fce48c5b03a7bd3214ef2d83eb5c9f84210091370a5f195", size = 1282309, upload-time = "2025-08-26T15:13:00.797Z" },
    { url = "https://files.pythonhosted.org/packages/33/4c/0cefa1eceec7858766af5939979857ac079c6c5251e00c6991c1a26bb1b7/marisa_trie-1.3.1-cp314-cp314t-musllinux_1_2_aarch64.whl", hash = "sha256:56043cf908ddf3d7364498085dbc2855d4ea8969aff3bf2439a79482a79e68e2", size = 2196594, upload-time = "2025-08-26T15:13:02.158Z" },
    { url = "https://files.pythonhosted.org/packages/bb/64/900f4132fc345be4b40073e66284707afa4cc203d8d0f1fe78c6b111cd47/marisa_trie-1.3.1-cp314-cp314t-musllinux_1_2_x86_64.whl", hash = "sha256:9651daa1fdc471df5a5fa6a4833d3b01e76ac512eea141a5995681aebac5555f", size = 2277730, upload-time = "2025-08-26T15:13:03.528Z" },
    { url = "https://files.pythonhosted.org/packages/62/ab/6d6cf25a5c8835589a601a9a916ec5cdee740e277fed8ee620df546834bb/marisa_trie-1.3.1-cp314-cp314t-win32.whl", hash = "sha256:c6571462417cda2239b1ade86ceaf3852da9b52c6286046e87d404afc6da20a7", size = 131409, upload-time = "2025-08-26T15:13:05.106Z" },
    { url = "https://files.pythonhosted.org/packages/9a/61/c4efc044141429e67e8fd5536be86d76303f250179c7f92b2cc0c72e8d0b/marisa_trie-1.3.1-cp314-cp314t-win_amd64.whl", hash = "sha256:9e6496bbad3068e3bbbb934b1e1307bf1a9cb4609f9ec47b57e8ea37f1b5ee40", size = 162564, upload-time = "2025-08-26T15:13:06.112Z" },
]

[[package]]
name = "markdown-it-py"
version = "4.0.0"
source = { registry = "https://pypi.org/simple" }
dependencies = [
    { name = "mdurl" },
]
sdist = { url = "https://files.pythonhosted.org/packages/5b/f5/4ec618ed16cc4f8fb3b701563655a69816155e79e24a17b651541804721d/markdown_it_py-4.0.0.tar.gz", hash = "sha256:cb0a2b4aa34f932c007117b194e945bd74e0ec24133ceb5bac59009cda1cb9f3", size = 73070, upload-time = "2025-08-11T12:57:52.854Z" }
wheels = [
    { url = "https://files.pythonhosted.org/packages/94/54/e7d793b573f298e1c9013b8c4dade17d481164aa517d1d7148619c2cedbf/markdown_it_py-4.0.0-py3-none-any.whl", hash = "sha256:87327c59b172c5011896038353a81343b6754500a08cd7a4973bb48c6d578147", size = 87321, upload-time = "2025-08-11T12:57:51.923Z" },
]

[[package]]
name = "mdurl"
version = "0.1.2"
source = { registry = "https://pypi.org/simple" }
sdist = { url = "https://files.pythonhosted.org/packages/d6/54/cfe61301667036ec958cb99bd3efefba235e65cdeb9c84d24a8293ba1d90/mdurl-0.1.2.tar.gz", hash = "sha256:bb413d29f5eea38f31dd4754dd7377d4465116fb207585f97bf925588687c1ba", size = 8729, upload-time = "2022-08-14T12:40:10.846Z" }
wheels = [
    { url = "https://files.pythonhosted.org/packages/b3/38/89ba8ad64ae25be8de66a6d463314cf1eb366222074cfda9ee839c56a4b4/mdurl-0.1.2-py3-none-any.whl", hash = "sha256:84008a41e51615a49fc9966191ff91509e3c40b939176e643fd50a5c2196b8f8", size = 9979, upload-time = "2022-08-14T12:40:09.779Z" },
]

[[package]]
name = "msgpack"
version = "1.1.1"
source = { registry = "https://pypi.org/simple" }
sdist = { url = "https://files.pythonhosted.org/packages/45/b1/ea4f68038a18c77c9467400d166d74c4ffa536f34761f7983a104357e614/msgpack-1.1.1.tar.gz", hash = "sha256:77b79ce34a2bdab2594f490c8e80dd62a02d650b91a75159a63ec413b8d104cd", size = 173555, upload-time = "2025-06-13T06:52:51.324Z" }
wheels = [
    { url = "https://files.pythonhosted.org/packages/a1/38/561f01cf3577430b59b340b51329803d3a5bf6a45864a55f4ef308ac11e3/msgpack-1.1.1-cp313-cp313-macosx_10_13_x86_64.whl", hash = "sha256:3765afa6bd4832fc11c3749be4ba4b69a0e8d7b728f78e68120a157a4c5d41f0", size = 81677, upload-time = "2025-06-13T06:52:16.64Z" },
    { url = "https://files.pythonhosted.org/packages/09/48/54a89579ea36b6ae0ee001cba8c61f776451fad3c9306cd80f5b5c55be87/msgpack-1.1.1-cp313-cp313-macosx_11_0_arm64.whl", hash = "sha256:8ddb2bcfd1a8b9e431c8d6f4f7db0773084e107730ecf3472f1dfe9ad583f3d9", size = 78603, upload-time = "2025-06-13T06:52:17.843Z" },
    { url = "https://files.pythonhosted.org/packages/a0/60/daba2699b308e95ae792cdc2ef092a38eb5ee422f9d2fbd4101526d8a210/msgpack-1.1.1-cp313-cp313-manylinux_2_17_aarch64.manylinux2014_aarch64.whl", hash = "sha256:196a736f0526a03653d829d7d4c5500a97eea3648aebfd4b6743875f28aa2af8", size = 420504, upload-time = "2025-06-13T06:52:18.982Z" },
    { url = "https://files.pythonhosted.org/packages/20/22/2ebae7ae43cd8f2debc35c631172ddf14e2a87ffcc04cf43ff9df9fff0d3/msgpack-1.1.1-cp313-cp313-manylinux_2_17_x86_64.manylinux2014_x86_64.whl", hash = "sha256:9d592d06e3cc2f537ceeeb23d38799c6ad83255289bb84c2e5792e5a8dea268a", size = 423749, upload-time = "2025-06-13T06:52:20.211Z" },
    { url = "https://files.pythonhosted.org/packages/40/1b/54c08dd5452427e1179a40b4b607e37e2664bca1c790c60c442c8e972e47/msgpack-1.1.1-cp313-cp313-manylinux_2_5_i686.manylinux1_i686.manylinux_2_17_i686.manylinux2014_i686.whl", hash = "sha256:4df2311b0ce24f06ba253fda361f938dfecd7b961576f9be3f3fbd60e87130ac", size = 404458, upload-time = "2025-06-13T06:52:21.429Z" },
    { url = "https://files.pythonhosted.org/packages/2e/60/6bb17e9ffb080616a51f09928fdd5cac1353c9becc6c4a8abd4e57269a16/msgpack-1.1.1-cp313-cp313-musllinux_1_2_aarch64.whl", hash = "sha256:e4141c5a32b5e37905b5940aacbc59739f036930367d7acce7a64e4dec1f5e0b", size = 405976, upload-time = "2025-06-13T06:52:22.995Z" },
    { url = "https://files.pythonhosted.org/packages/ee/97/88983e266572e8707c1f4b99c8fd04f9eb97b43f2db40e3172d87d8642db/msgpack-1.1.1-cp313-cp313-musllinux_1_2_i686.whl", hash = "sha256:b1ce7f41670c5a69e1389420436f41385b1aa2504c3b0c30620764b15dded2e7", size = 408607, upload-time = "2025-06-13T06:52:24.152Z" },
    { url = "https://files.pythonhosted.org/packages/bc/66/36c78af2efaffcc15a5a61ae0df53a1d025f2680122e2a9eb8442fed3ae4/msgpack-1.1.1-cp313-cp313-musllinux_1_2_x86_64.whl", hash = "sha256:4147151acabb9caed4e474c3344181e91ff7a388b888f1e19ea04f7e73dc7ad5", size = 424172, upload-time = "2025-06-13T06:52:25.704Z" },
    { url = "https://files.pythonhosted.org/packages/8c/87/a75eb622b555708fe0427fab96056d39d4c9892b0c784b3a721088c7ee37/msgpack-1.1.1-cp313-cp313-win32.whl", hash = "sha256:500e85823a27d6d9bba1d057c871b4210c1dd6fb01fbb764e37e4e8847376323", size = 65347, upload-time = "2025-06-13T06:52:26.846Z" },
    { url = "https://files.pythonhosted.org/packages/ca/91/7dc28d5e2a11a5ad804cf2b7f7a5fcb1eb5a4966d66a5d2b41aee6376543/msgpack-1.1.1-cp313-cp313-win_amd64.whl", hash = "sha256:6d489fba546295983abd142812bda76b57e33d0b9f5d5b71c09a583285506f69", size = 72341, upload-time = "2025-06-13T06:52:27.835Z" },
]

[[package]]
name = "packaged-app"
version = "0.1.0"
source = { editable = "." }
dependencies = [
    { name = "regex" },
    { name = "rich" },
    { name = "typer" },
    { name = "wordfreq" },
]

[package.metadata]
requires-dist = [
    { name = "regex", specifier = ">=2025.7.34" },
    { name = "rich", specifier = ">=14.1.0" },
    { name = "typer", specifier = ">=0.16.1" },
    { name = "wordfreq", specifier = ">=3.1.1" },
]

[[package]]
name = "pygments"
version = "2.19.2"
source = { registry = "https://pypi.org/simple" }
sdist = { url = "https://files.pythonhosted.org/packages/b0/77/a5b8c569bf593b0140bde72ea885a803b82086995367bf2037de0159d924/pygments-2.19.2.tar.gz", hash = "sha256:636cb2477cec7f8952536970bc533bc43743542f70392ae026374600add5b887", size = 4968631, upload-time = "2025-06-21T13:39:12.283Z" }
wheels = [
    { url = "https://files.pythonhosted.org/packages/c7/21/705964c7812476f378728bdf590ca4b771ec72385c533964653c68e86bdc/pygments-2.19.2-py3-none-any.whl", hash = "sha256:86540386c03d588bb81d44bc3928634ff26449851e99741617ecb9037ee5ec0b", size = 1225217, upload-time = "2025-06-21T13:39:07.939Z" },
]

[[package]]
name = "regex"
version = "2025.7.34"
source = { registry = "https://pypi.org/simple" }
sdist = { url = "https://files.pythonhosted.org/packages/0b/de/e13fa6dc61d78b30ba47481f99933a3b49a57779d625c392d8036770a60d/regex-2025.7.34.tar.gz", hash = "sha256:9ead9765217afd04a86822dfcd4ed2747dfe426e887da413b15ff0ac2457e21a", size = 400714, upload-time = "2025-07-31T00:21:16.262Z" }
wheels = [
    { url = "https://files.pythonhosted.org/packages/15/16/b709b2119975035169a25aa8e4940ca177b1a2e25e14f8d996d09130368e/regex-2025.7.34-cp313-cp313-macosx_10_13_universal2.whl", hash = "sha256:c3c9740a77aeef3f5e3aaab92403946a8d34437db930a0280e7e81ddcada61f5", size = 485334, upload-time = "2025-07-31T00:19:56.58Z" },
    { url = "https://files.pythonhosted.org/packages/94/a6/c09136046be0595f0331bc58a0e5f89c2d324cf734e0b0ec53cf4b12a636/regex-2025.7.34-cp313-cp313-macosx_10_13_x86_64.whl", hash = "sha256:69ed3bc611540f2ea70a4080f853741ec698be556b1df404599f8724690edbcd", size = 289942, upload-time = "2025-07-31T00:19:57.943Z" },
    { url = "https://files.pythonhosted.org/packages/36/91/08fc0fd0f40bdfb0e0df4134ee37cfb16e66a1044ac56d36911fd01c69d2/regex-2025.7.34-cp313-cp313-macosx_11_0_arm64.whl", hash = "sha256:d03c6f9dcd562c56527c42b8530aad93193e0b3254a588be1f2ed378cdfdea1b", size = 285991, upload-time = "2025-07-31T00:19:59.837Z" },
    { url = "https://files.pythonhosted.org/packages/be/2f/99dc8f6f756606f0c214d14c7b6c17270b6bbe26d5c1f05cde9dbb1c551f/regex-2025.7.34-cp313-cp313-manylinux2014_aarch64.manylinux_2_17_aarch64.manylinux_2_28_aarch64.whl", hash = "sha256:6164b1d99dee1dfad33f301f174d8139d4368a9fb50bf0a3603b2eaf579963ad", size = 797415, upload-time = "2025-07-31T00:20:01.668Z" },
    { url = "https://files.pythonhosted.org/packages/62/cf/2fcdca1110495458ba4e95c52ce73b361cf1cafd8a53b5c31542cde9a15b/regex-2025.7.34-cp313-cp313-manylinux2014_ppc64le.manylinux_2_17_ppc64le.manylinux_2_28_ppc64le.whl", hash = "sha256:1e4f4f62599b8142362f164ce776f19d79bdd21273e86920a7b604a4275b4f59", size = 862487, upload-time = "2025-07-31T00:20:03.142Z" },
    { url = "https://files.pythonhosted.org/packages/90/38/899105dd27fed394e3fae45607c1983e138273ec167e47882fc401f112b9/regex-2025.7.34-cp313-cp313-manylinux2014_s390x.manylinux_2_17_s390x.manylinux_2_28_s390x.whl", hash = "sha256:72a26dcc6a59c057b292f39d41465d8233a10fd69121fa24f8f43ec6294e5415", size = 910717, upload-time = "2025-07-31T00:20:04.727Z" },
    { url = "https://files.pythonhosted.org/packages/ee/f6/4716198dbd0bcc9c45625ac4c81a435d1c4d8ad662e8576dac06bab35b17/regex-2025.7.34-cp313-cp313-manylinux2014_x86_64.manylinux_2_17_x86_64.manylinux_2_28_x86_64.whl", hash = "sha256:d5273fddf7a3e602695c92716c420c377599ed3c853ea669c1fe26218867002f", size = 801943, upload-time = "2025-07-31T00:20:07.1Z" },
    { url = "https://files.pythonhosted.org/packages/40/5d/cff8896d27e4e3dd11dd72ac78797c7987eb50fe4debc2c0f2f1682eb06d/regex-2025.7.34-cp313-cp313-musllinux_1_2_aarch64.whl", hash = "sha256:c1844be23cd40135b3a5a4dd298e1e0c0cb36757364dd6cdc6025770363e06c1", size = 786664, upload-time = "2025-07-31T00:20:08.818Z" },
    { url = "https://files.pythonhosted.org/packages/10/29/758bf83cf7b4c34f07ac3423ea03cee3eb3176941641e4ccc05620f6c0b8/regex-2025.7.34-cp313-cp313-musllinux_1_2_ppc64le.whl", hash = "sha256:dde35e2afbbe2272f8abee3b9fe6772d9b5a07d82607b5788e8508974059925c", size = 856457, upload-time = "2025-07-31T00:20:10.328Z" },
    { url = "https://files.pythonhosted.org/packages/d7/30/c19d212b619963c5b460bfed0ea69a092c6a43cba52a973d46c27b3e2975/regex-2025.7.34-cp313-cp313-musllinux_1_2_s390x.whl", hash = "sha256:f3f6e8e7af516a7549412ce57613e859c3be27d55341a894aacaa11703a4c31a", size = 849008, upload-time = "2025-07-31T00:20:11.823Z" },
    { url = "https://files.pythonhosted.org/packages/9e/b8/3c35da3b12c87e3cc00010ef6c3a4ae787cff0bc381aa3d251def219969a/regex-2025.7.34-cp313-cp313-musllinux_1_2_x86_64.whl", hash = "sha256:469142fb94a869beb25b5f18ea87646d21def10fbacb0bcb749224f3509476f0", size = 788101, upload-time = "2025-07-31T00:20:13.729Z" },
    { url = "https://files.pythonhosted.org/packages/47/80/2f46677c0b3c2b723b2c358d19f9346e714113865da0f5f736ca1a883bde/regex-2025.7.34-cp313-cp313-win32.whl", hash = "sha256:da7507d083ee33ccea1310447410c27ca11fb9ef18c95899ca57ff60a7e4d8f1", size = 264401, upload-time = "2025-07-31T00:20:15.233Z" },
    { url = "https://files.pythonhosted.org/packages/be/fa/917d64dd074682606a003cba33585c28138c77d848ef72fc77cbb1183849/regex-2025.7.34-cp313-cp313-win_amd64.whl", hash = "sha256:9d644de5520441e5f7e2db63aec2748948cc39ed4d7a87fd5db578ea4043d997", size = 275368, upload-time = "2025-07-31T00:20:16.711Z" },
    { url = "https://files.pythonhosted.org/packages/65/cd/f94383666704170a2154a5df7b16be28f0c27a266bffcd843e58bc84120f/regex-2025.7.34-cp313-cp313-win_arm64.whl", hash = "sha256:7bf1c5503a9f2cbd2f52d7e260acb3131b07b6273c470abb78568174fe6bde3f", size = 268482, upload-time = "2025-07-31T00:20:18.189Z" },
    { url = "https://files.pythonhosted.org/packages/ac/23/6376f3a23cf2f3c00514b1cdd8c990afb4dfbac3cb4a68b633c6b7e2e307/regex-2025.7.34-cp314-cp314-macosx_10_13_universal2.whl", hash = "sha256:8283afe7042d8270cecf27cca558873168e771183d4d593e3c5fe5f12402212a", size = 485385, upload-time = "2025-07-31T00:20:19.692Z" },
    { url = "https://files.pythonhosted.org/packages/73/5b/6d4d3a0b4d312adbfd6d5694c8dddcf1396708976dd87e4d00af439d962b/regex-2025.7.34-cp314-cp314-macosx_10_13_x86_64.whl", hash = "sha256:6c053f9647e3421dd2f5dff8172eb7b4eec129df9d1d2f7133a4386319b47435", size = 289788, upload-time = "2025-07-31T00:20:21.941Z" },
    { url = "https://files.pythonhosted.org/packages/92/71/5862ac9913746e5054d01cb9fb8125b3d0802c0706ef547cae1e7f4428fa/regex-2025.7.34-cp314-cp314-macosx_11_0_arm64.whl", hash = "sha256:a16dd56bbcb7d10e62861c3cd000290ddff28ea142ffb5eb3470f183628011ac", size = 286136, upload-time = "2025-07-31T00:20:26.146Z" },
    { url = "https://files.pythonhosted.org/packages/27/df/5b505dc447eb71278eba10d5ec940769ca89c1af70f0468bfbcb98035dc2/regex-2025.7.34-cp314-cp314-manylinux2014_aarch64.manylinux_2_17_aarch64.manylinux_2_28_aarch64.whl", hash = "sha256:69c593ff5a24c0d5c1112b0df9b09eae42b33c014bdca7022d6523b210b69f72", size = 797753, upload-time = "2025-07-31T00:20:27.919Z" },
    { url = "https://files.pythonhosted.org/packages/86/38/3e3dc953d13998fa047e9a2414b556201dbd7147034fbac129392363253b/regex-2025.7.34-cp314-cp314-manylinux2014_ppc64le.manylinux_2_17_ppc64le.manylinux_2_28_ppc64le.whl", hash = "sha256:98d0ce170fcde1a03b5df19c5650db22ab58af375aaa6ff07978a85c9f250f0e", size = 863263, upload-time = "2025-07-31T00:20:29.803Z" },
    { url = "https://files.pythonhosted.org/packages/68/e5/3ff66b29dde12f5b874dda2d9dec7245c2051f2528d8c2a797901497f140/regex-2025.7.34-cp314-cp314-manylinux2014_s390x.manylinux_2_17_s390x.manylinux_2_28_s390x.whl", hash = "sha256:d72765a4bff8c43711d5b0f5b452991a9947853dfa471972169b3cc0ba1d0751", size = 910103, upload-time = "2025-07-31T00:20:31.313Z" },
    { url = "https://files.pythonhosted.org/packages/9e/fe/14176f2182125977fba3711adea73f472a11f3f9288c1317c59cd16ad5e6/regex-2025.7.34-cp314-cp314-manylinux2014_x86_64.manylinux_2_17_x86_64.manylinux_2_28_x86_64.whl", hash = "sha256:4494f8fd95a77eb434039ad8460e64d57baa0434f1395b7da44015bef650d0e4", size = 801709, upload-time = "2025-07-31T00:20:33.323Z" },
    { url = "https://files.pythonhosted.org/packages/5a/0d/80d4e66ed24f1ba876a9e8e31b709f9fd22d5c266bf5f3ab3c1afe683d7d/regex-2025.7.34-cp314-cp314-musllinux_1_2_aarch64.whl", hash = "sha256:4f42b522259c66e918a0121a12429b2abcf696c6f967fa37bdc7b72e61469f98", size = 786726, upload-time = "2025-07-31T00:20:35.252Z" },
    { url = "https://files.pythonhosted.org/packages/12/75/c3ebb30e04a56c046f5c85179dc173818551037daae2c0c940c7b19152cb/regex-2025.7.34-cp314-cp314-musllinux_1_2_ppc64le.whl", hash = "sha256:aaef1f056d96a0a5d53ad47d019d5b4c66fe4be2da87016e0d43b7242599ffc7", size = 857306, upload-time = "2025-07-31T00:20:37.12Z" },
    { url = "https://files.pythonhosted.org/packages/b1/b2/a4dc5d8b14f90924f27f0ac4c4c4f5e195b723be98adecc884f6716614b6/regex-2025.7.34-cp314-cp314-musllinux_1_2_s390x.whl", hash = "sha256:656433e5b7dccc9bc0da6312da8eb897b81f5e560321ec413500e5367fcd5d47", size = 848494, upload-time = "2025-07-31T00:20:38.818Z" },
    { url = "https://files.pythonhosted.org/packages/0d/21/9ac6e07a4c5e8646a90b56b61f7e9dac11ae0747c857f91d3d2bc7c241d9/regex-2025.7.34-cp314-cp314-musllinux_1_2_x86_64.whl", hash = "sha256:e91eb2c62c39705e17b4d42d4b86c4e86c884c0d15d9c5a47d0835f8387add8e", size = 787850, upload-time = "2025-07-31T00:20:40.478Z" },
    { url = "https://files.pythonhosted.org/packages/be/6c/d51204e28e7bc54f9a03bb799b04730d7e54ff2718862b8d4e09e7110a6a/regex-2025.7.34-cp314-cp314-win32.whl", hash = "sha256:f978ddfb6216028c8f1d6b0f7ef779949498b64117fc35a939022f67f810bdcb", size = 269730, upload-time = "2025-07-31T00:20:42.253Z" },
    { url = "https://files.pythonhosted.org/packages/74/52/a7e92d02fa1fdef59d113098cb9f02c5d03289a0e9f9e5d4d6acccd10677/regex-2025.7.34-cp314-cp314-win_amd64.whl", hash = "sha256:4b7dc33b9b48fb37ead12ffc7bdb846ac72f99a80373c4da48f64b373a7abeae", size = 278640, upload-time = "2025-07-31T00:20:44.42Z" },
    { url = "https://files.pythonhosted.org/packages/d1/78/a815529b559b1771080faa90c3ab401730661f99d495ab0071649f139ebd/regex-2025.7.34-cp314-cp314-win_arm64.whl", hash = "sha256:4b8c4d39f451e64809912c82392933d80fe2e4a87eeef8859fcc5380d0173c64", size = 271757, upload-time = "2025-07-31T00:20:46.355Z" },
]

[[package]]
name = "rich"
version = "14.1.0"
source = { registry = "https://pypi.org/simple" }
dependencies = [
    { name = "markdown-it-py" },
    { name = "pygments" },
]
sdist = { url = "https://files.pythonhosted.org/packages/fe/75/af448d8e52bf1d8fa6a9d089ca6c07ff4453d86c65c145d0a300bb073b9b/rich-14.1.0.tar.gz", hash = "sha256:e497a48b844b0320d45007cdebfeaeed8db2a4f4bcf49f15e455cfc4af11eaa8", size = 224441, upload-time = "2025-07-25T07:32:58.125Z" }
wheels = [
    { url = "https://files.pythonhosted.org/packages/e3/30/3c4d035596d3cf444529e0b2953ad0466f6049528a879d27534700580395/rich-14.1.0-py3-none-any.whl", hash = "sha256:536f5f1785986d6dbdea3c75205c473f970777b4a0d6c6dd1b696aa05a3fa04f", size = 243368, upload-time = "2025-07-25T07:32:56.73Z" },
]

[[package]]
name = "shellingham"
version = "1.5.4"
source = { registry = "https://pypi.org/simple" }
sdist = { url = "https://files.pythonhosted.org/packages/58/15/8b3609fd3830ef7b27b655beb4b4e9c62313a4e8da8c676e142cc210d58e/shellingham-1.5.4.tar.gz", hash = "sha256:8dbca0739d487e5bd35ab3ca4b36e11c4078f3a234bfce294b0a0291363404de", size = 10310, upload-time = "2023-10-24T04:13:40.426Z" }
wheels = [
    { url = "https://files.pythonhosted.org/packages/e0/f9/0595336914c5619e5f28a1fb793285925a8cd4b432c9da0a987836c7f822/shellingham-1.5.4-py2.py3-none-any.whl", hash = "sha256:7ecfff8f2fd72616f7481040475a65b2bf8af90a56c89140852d1120324e8686", size = 9755, upload-time = "2023-10-24T04:13:38.866Z" },
]

[[package]]
name = "typer"
version = "0.16.1"
source = { registry = "https://pypi.org/simple" }
dependencies = [
    { name = "click" },
    { name = "rich" },
    { name = "shellingham" },
    { name = "typing-extensions" },
]
sdist = { url = "https://files.pythonhosted.org/packages/43/78/d90f616bf5f88f8710ad067c1f8705bf7618059836ca084e5bb2a0855d75/typer-0.16.1.tar.gz", hash = "sha256:d358c65a464a7a90f338e3bb7ff0c74ac081449e53884b12ba658cbd72990614", size = 102836, upload-time = "2025-08-18T19:18:22.898Z" }
wheels = [
    { url = "https://files.pythonhosted.org/packages/2d/76/06dbe78f39b2203d2a47d5facc5df5102d0561e2807396471b5f7c5a30a1/typer-0.16.1-py3-none-any.whl", hash = "sha256:90ee01cb02d9b8395ae21ee3368421faf21fa138cb2a541ed369c08cec5237c9", size = 46397, upload-time = "2025-08-18T19:18:21.663Z" },
]

[[package]]
name = "typing-extensions"
version = "4.15.0"
source = { registry = "https://pypi.org/simple" }
sdist = { url = "https://files.pythonhosted.org/packages/72/94/1a15dd82efb362ac84269196e94cf00f187f7ed21c242792a923cdb1c61f/typing_extensions-4.15.0.tar.gz", hash = "sha256:0cea48d173cc12fa28ecabc3b837ea3cf6f38c6d1136f85cbaaf598984861466", size = 109391, upload-time = "2025-08-25T13:49:26.313Z" }
wheels = [
    { url = "https://files.pythonhosted.org/packages/18/67/36e9267722cc04a6b9f15c7f3441c2363321a3ea07da7ae0c0707beb2a9c/typing_extensions-4.15.0-py3-none-any.whl", hash = "sha256:f0fa19c6845758ab08074a0cfa8b7aecb71c999ca73d62883bc25cc018c4e548", size = 44614, upload-time = "2025-08-25T13:49:24.86Z" },
]

[[package]]
name = "wcwidth"
version = "0.2.13"
source = { registry = "https://pypi.org/simple" }
sdist = { url = "https://files.pythonhosted.org/packages/6c/63/53559446a878410fc5a5974feb13d31d78d752eb18aeba59c7fef1af7598/wcwidth-0.2.13.tar.gz", hash = "sha256:72ea0c06399eb286d978fdedb6923a9eb47e1c486ce63e9b4e64fc18303972b5", size = 101301, upload-time = "2024-01-06T02:10:57.829Z" }
wheels = [
    { url = "https://files.pythonhosted.org/packages/fd/84/fd2ba7aafacbad3c4201d395674fc6348826569da3c0937e75505ead3528/wcwidth-0.2.13-py2.py3-none-any.whl", hash = "sha256:3da69048e4540d84af32131829ff948f1e022c1c6bdb8d6102117aac784f6859", size = 34166, upload-time = "2024-01-06T02:10:55.763Z" },
]

[[package]]
name = "wordfreq"
version = "3.1.1"
source = { registry = "https://pypi.org/simple" }
dependencies = [
    { name = "ftfy" },
    { name = "langcodes" },
    { name = "locate" },
    { name = "msgpack" },
    { name = "regex" },
]
sdist = { url = "https://files.pythonhosted.org/packages/4c/cd/9581ff0ea2c581012d0caae4bba024f3ff6b46e030a55ddec1ce545e2caf/wordfreq-3.1.1.tar.gz", hash = "sha256:7943098975f25c2a70e1151ee5a62083b14a5f86f6cc5703cc9526f716ceb408", size = 56846562, upload-time = "2023-11-21T23:09:12.106Z" }
wheels = [
    { url = "https://files.pythonhosted.org/packages/24/61/62835c475d69872d30689f284497853fe33fe1d6dd18f57346d13305861d/wordfreq-3.1.1-py3-none-any.whl", hash = "sha256:4b1c6ecffc6198be3396d5cf871c4423ca71c907c231348d352dd54d62b97473", size = 56834549, upload-time = "2023-11-21T23:09:07.183Z" },
]
